
Microsoft Visual Studio Solution File, Format Version 12.00
# Visual Studio Version 17
VisualStudioVersion = 17.1.32319.34
MinimumVisualStudioVersion = 10.0.40219.1
Project("{FAE04EC0-301F-11D3-BF4B-00C04F79EFBC}") = "StudentGroup", "StudentGroup\StudentGroup.csproj", "{BEB6911C-1643-4D6E-93EF-90F586486CA9}"
EndProject
Project("{2150E333-8FDC-42A3-9474-1A3956D46DE8}") = "Solution Items", "Solution Items", "{8EBF862A-B45F-43AA-922C-9734E2680B12}"
	ProjectSection(SolutionItems) = preProject
		.editorconfig = .editorconfig
	EndProjectSection
EndProject
Global
	GlobalSection(SolutionConfigurationPlatforms) = preSolution
		Debug|Any CPU = Debug|Any CPU
		Release|Any CPU = Release|Any CPU
	EndGlobalSection
	GlobalSection(ProjectConfigurationPlatforms) = postSolution
		{BEB6911C-1643-4D6E-93EF-90F586486CA9}.Debug|Any CPU.ActiveCfg = Debug|Any CPU
		{BEB6911C-1643-4D6E-93EF-90F586486CA9}.Debug|Any CPU.Build.0 = Debug|Any CPU
		{BEB6911C-1643-4D6E-93EF-90F586486CA9}.Release|Any CPU.ActiveCfg = Release|Any CPU
		{BEB6911C-1643-4D6E-93EF-90F586486CA9}.Release|Any CPU.Build.0 = Release|Any CPU
	EndGlobalSection
	GlobalSection(SolutionProperties) = preSolution
		HideSolutionNode = FALSE
	EndGlobalSection
	GlobalSection(ExtensibilityGlobals) = postSolution
		SolutionGuid = {658F3E23-5AF5-4BD5-ADFD-B5F29276A7CC}
	EndGlobalSection
EndGlobal
